// !$*UTF8*$!
{
	archiveVersion = 1;
	classes = {
	};
	objectVersion = 56;
	objects = {

/* Begin PBXBuildFile section */
		A1A533642A6F95B900EF4692 /* DetailViewController.swift in Sources */ = {isa = PBXBuildFile; fileRef = A1A533632A6F95B900EF4692 /* DetailViewController.swift */; };
		A1A533672A72263A00EF4692 /* calculator.storyboard in Resources */ = {isa = PBXBuildFile; fileRef = A1A533652A72263A00EF4692 /* calculator.storyboard */; };
		A1A5336A2A7226DA00EF4692 /* list.storyboard in Resources */ = {isa = PBXBuildFile; fileRef = A1A533682A7226DA00EF4692 /* list.storyboard */; };
		A1E7B76A2A6653000036BBC1 /* AppDelegate.swift in Sources */ = {isa = PBXBuildFile; fileRef = A1E7B7692A6653000036BBC1 /* AppDelegate.swift */; };
		A1E7B76C2A6653000036BBC1 /* SceneDelegate.swift in Sources */ = {isa = PBXBuildFile; fileRef = A1E7B76B2A6653000036BBC1 /* SceneDelegate.swift */; };
		A1E7B76E2A6653000036BBC1 /* ViewController.swift in Sources */ = {isa = PBXBuildFile; fileRef = A1E7B76D2A6653000036BBC1 /* ViewController.swift */; };
		A1E7B7712A6653000036BBC1 /* Main.storyboard in Resources */ = {isa = PBXBuildFile; fileRef = A1E7B76F2A6653000036BBC1 /* Main.storyboard */; };
		A1E7B7732A6653020036BBC1 /* Assets.xcassets in Resources */ = {isa = PBXBuildFile; fileRef = A1E7B7722A6653020036BBC1 /* Assets.xcassets */; };
		A1E7B7762A6653020036BBC1 /* LaunchScreen.storyboard in Resources */ = {isa = PBXBuildFile; fileRef = A1E7B7742A6653020036BBC1 /* LaunchScreen.storyboard */; };
		A1E7B77E2A66534C0036BBC1 /* page2ViewController.swift in Sources */ = {isa = PBXBuildFile; fileRef = A1E7B77D2A66534C0036BBC1 /* page2ViewController.swift */; };
		A1E7B7822A6910300036BBC1 /* TableViewController.swift in Sources */ = {isa = PBXBuildFile; fileRef = A1E7B7812A6910300036BBC1 /* TableViewController.swift */; };
		A1E7B78E2A6918720036BBC1 /* Apple.jpg in Resources */ = {isa = PBXBuildFile; fileRef = A1E7B78B2A6918720036BBC1 /* Apple.jpg */; };
		A1E7B78F2A6918720036BBC1 /* Banana.jpg in Resources */ = {isa = PBXBuildFile; fileRef = A1E7B78C2A6918720036BBC1 /* Banana.jpg */; };
		A1E7B7902A6918720036BBC1 /* Cherry.jpg in Resources */ = {isa = PBXBuildFile; fileRef = A1E7B78D2A6918720036BBC1 /* Cherry.jpg */; };
/* End PBXBuildFile section */

/* Begin PBXFileReference section */
		A1A533632A6F95B900EF4692 /* DetailViewController.swift */ = {isa = PBXFileReference; lastKnownFileType = sourcecode.swift; path = DetailViewController.swift; sourceTree = "<group>"; };
		A1A533662A72263A00EF4692 /* Base */ = {isa = PBXFileReference; lastKnownFileType = file.storyboard; name = Base; path = multiplePageAndCalculator/Base.lproj/calculator.storyboard; sourceTree = "<group>"; };
		A1A533692A7226DA00EF4692 /* Base */ = {isa = PBXFileReference; lastKnownFileType = file.storyboard; name = Base; path = multiplePageAndCalculator/Base.lproj/list.storyboard; sourceTree = "<group>"; };
		A1E7B7662A6653000036BBC1 /* multiplePageAndCalculator.app */ = {isa = PBXFileReference; explicitFileType = wrapper.application; includeInIndex = 0; path = multiplePageAndCalculator.app; sourceTree = BUILT_PRODUCTS_DIR; };
		A1E7B7692A6653000036BBC1 /* AppDelegate.swift */ = {isa = PBXFileReference; lastKnownFileType = sourcecode.swift; path = AppDelegate.swift; sourceTree = "<group>"; };
		A1E7B76B2A6653000036BBC1 /* SceneDelegate.swift */ = {isa = PBXFileReference; lastKnownFileType = sourcecode.swift; path = SceneDelegate.swift; sourceTree = "<group>"; };
		A1E7B76D2A6653000036BBC1 /* ViewController.swift */ = {isa = PBXFileReference; lastKnownFileType = sourcecode.swift; path = ViewController.swift; sourceTree = "<group>"; };
		A1E7B7702A6653000036BBC1 /* Base */ = {isa = PBXFileReference; lastKnownFileType = file.storyboard; name = Base; path = Base.lproj/Main.storyboard; sourceTree = "<group>"; };
		A1E7B7722A6653020036BBC1 /* Assets.xcassets */ = {isa = PBXFileReference; lastKnownFileType = folder.assetcatalog; path = Assets.xcassets; sourceTree = "<group>"; };
		A1E7B7752A6653020036BBC1 /* Base */ = {isa = PBXFileReference; lastKnownFileType = file.storyboard; name = Base; path = Base.lproj/LaunchScreen.storyboard; sourceTree = "<group>"; };
		A1E7B7772A6653020036BBC1 /* Info.plist */ = {isa = PBXFileReference; lastKnownFileType = text.plist.xml; path = Info.plist; sourceTree = "<group>"; };
		A1E7B77D2A66534C0036BBC1 /* page2ViewController.swift */ = {isa = PBXFileReference; lastKnownFileType = sourcecode.swift; path = page2ViewController.swift; sourceTree = "<group>"; };
		A1E7B7812A6910300036BBC1 /* TableViewController.swift */ = {isa = PBXFileReference; lastKnownFileType = sourcecode.swift; path = TableViewController.swift; sourceTree = "<group>"; };
		A1E7B78B2A6918720036BBC1 /* Apple.jpg */ = {isa = PBXFileReference; lastKnownFileType = image.jpeg; path = Apple.jpg; sourceTree = "<group>"; };
		A1E7B78C2A6918720036BBC1 /* Banana.jpg */ = {isa = PBXFileReference; lastKnownFileType = image.jpeg; path = Banana.jpg; sourceTree = "<group>"; };
		A1E7B78D2A6918720036BBC1 /* Cherry.jpg */ = {isa = PBXFileReference; lastKnownFileType = image.jpeg; path = Cherry.jpg; sourceTree = "<group>"; };
/* End PBXFileReference section */

/* Begin PBXFrameworksBuildPhase section */
		A1E7B7632A6653000036BBC1 /* Frameworks */ = {
			isa = PBXFrameworksBuildPhase;
			buildActionMask = 2147483647;
			files = (
			);
			runOnlyForDeploymentPostprocessing = 0;
		};
/* End PBXFrameworksBuildPhase section */

/* Begin PBXGroup section */
		A1E7B75D2A6653000036BBC1 = {
			isa = PBXGroup;
			children = (
				A1A533682A7226DA00EF4692 /* list.storyboard */,
				A1A533652A72263A00EF4692 /* calculator.storyboard */,
				A1E7B7682A6653000036BBC1 /* multiplePageAndCalculator */,
				A1E7B7672A6653000036BBC1 /* Products */,
			);
			sourceTree = "<group>";
		};
		A1E7B7672A6653000036BBC1 /* Products */ = {
			isa = PBXGroup;
			children = (
				A1E7B7662A6653000036BBC1 /* multiplePageAndCalculator.app */,
			);
			name = Products;
			sourceTree = "<group>";
		};
		A1E7B7682A6653000036BBC1 /* multiplePageAndCalculator */ = {
			isa = PBXGroup;
			children = (
				A1E7B76F2A6653000036BBC1 /* Main.storyboard */,
				A1E7B7742A6653020036BBC1 /* LaunchScreen.storyboard */,
				A1E7B7692A6653000036BBC1 /* AppDelegate.swift */,
				A1E7B76B2A6653000036BBC1 /* SceneDelegate.swift */,
				A1E7B76D2A6653000036BBC1 /* ViewController.swift */,
				A1E7B7812A6910300036BBC1 /* TableViewController.swift */,
				A1E7B77D2A66534C0036BBC1 /* page2ViewController.swift */,
				A1A533632A6F95B900EF4692 /* DetailViewController.swift */,
				A1E7B78B2A6918720036BBC1 /* Apple.jpg */,
				A1E7B78C2A6918720036BBC1 /* Banana.jpg */,
				A1E7B78D2A6918720036BBC1 /* Cherry.jpg */,
				A1E7B7722A6653020036BBC1 /* Assets.xcassets */,
				A1E7B7772A6653020036BBC1 /* Info.plist */,
			);
			path = multiplePageAndCalculator;
			sourceTree = "<group>";
		};
/* End PBXGroup section */

/* Begin PBXNativeTarget section */
		A1E7B7652A6653000036BBC1 /* multiplePageAndCalculator */ = {
			isa = PBXNativeTarget;
			buildConfigurationList = A1E7B77A2A6653020036BBC1 /* Build configuration list for PBXNativeTarget "multiplePageAndCalculator" */;
			buildPhases = (
				A1E7B7622A6653000036BBC1 /* Sources */,
				A1E7B7632A6653000036BBC1 /* Frameworks */,
				A1E7B7642A6653000036BBC1 /* Resources */,
			);
			buildRules = (
			);
			dependencies = (
			);
			name = multiplePageAndCalculator;
			productName = multiplePageAndCalculator;
			productReference = A1E7B7662A6653000036BBC1 /* multiplePageAndCalculator.app */;
			productType = "com.apple.product-type.application";
		};
/* End PBXNativeTarget section */

/* Begin PBXProject section */
		A1E7B75E2A6653000036BBC1 /* Project object */ = {
			isa = PBXProject;
			attributes = {
				BuildIndependentTargetsInParallel = 1;
				LastSwiftUpdateCheck = 1430;
				LastUpgradeCheck = 1430;
				TargetAttributes = {
					A1E7B7652A6653000036BBC1 = {
						CreatedOnToolsVersion = 14.3;
					};
				};
			};
			buildConfigurationList = A1E7B7612A6653000036BBC1 /* Build configuration list for PBXProject "multiplePageAndCalculator" */;
			compatibilityVersion = "Xcode 14.0";
			developmentRegion = en;
			hasScannedForEncodings = 0;
			knownRegions = (
				en,
				Base,
			);
			mainGroup = A1E7B75D2A6653000036BBC1;
			productRefGroup = A1E7B7672A6653000036BBC1 /* Products */;
			projectDirPath = "";
			projectRoot = "";
			targets = (
				A1E7B7652A6653000036BBC1 /* multiplePageAndCalculator */,
			);
		};
/* End PBXProject section */

/* Begin PBXResourcesBuildPhase section */
		A1E7B7642A6653000036BBC1 /* Resources */ = {
			isa = PBXResourcesBuildPhase;
			buildActionMask = 2147483647;
			files = (
				A1E7B7902A6918720036BBC1 /* Cherry.jpg in Resources */,
				A1E7B7762A6653020036BBC1 /* LaunchScreen.storyboard in Resources */,
				A1A5336A2A7226DA00EF4692 /* list.storyboard in Resources */,
				A1E7B7732A6653020036BBC1 /* Assets.xcassets in Resources */,
				A1E7B78F2A6918720036BBC1 /* Banana.jpg in Resources */,
				A1E7B78E2A6918720036BBC1 /* Apple.jpg in Resources */,
				A1A533672A72263A00EF4692 /* calculator.storyboard in Resources */,
				A1E7B7712A6653000036BBC1 /* Main.storyboard in Resources */,
			);
			runOnlyForDeploymentPostprocessing = 0;
		};
/* End PBXResourcesBuildPhase section */

/* Begin PBXSourcesBuildPhase section */
		A1E7B7622A6653000036BBC1 /* Sources */ = {
			isa = PBXSourcesBuildPhase;
			buildActionMask = 2147483647;
			files = (
				A1E7B76E2A6653000036BBC1 /* ViewController.swift in Sources */,
				A1E7B76A2A6653000036BBC1 /* AppDelegate.swift in Sources */,
				A1E7B77E2A66534C0036BBC1 /* page2ViewController.swift in Sources */,
				A1A533642A6F95B900EF4692 /* DetailViewController.swift in Sources */,
				A1E7B7822A6910300036BBC1 /* TableViewController.swift in Sources */,
				A1E7B76C2A6653000036BBC1 /* SceneDelegate.swift in Sources */,
			);
			runOnlyForDeploymentPostprocessing = 0;
		};
/* End PBXSourcesBuildPhase section */

/* Begin PBXVariantGroup section */
		A1A533652A72263A00EF4692 /* calculator.storyboard */ = {
			isa = PBXVariantGroup;
			children = (
				A1A533662A72263A00EF4692 /* Base */,
			);
			name = calculator.storyboard;
			sourceTree = "<group>";
		};
		A1A533682A7226DA00EF4692 /* list.storyboard */ = {
			isa = PBXVariantGroup;
			children = (
				A1A533692A7226DA00EF4692 /* Base */,
			);
			name = list.storyboard;
			sourceTree = "<group>";
		};
		A1E7B76F2A6653000036BBC1 /* Main.storyboard */ = {
			isa = PBXVariantGroup;
			children = (
				A1E7B7702A6653000036BBC1 /* Base */,
			);
			name = Main.storyboard;
			sourceTree = "<group>";
		};
		A1E7B7742A6653020036BBC1 /* LaunchScreen.storyboard */ = {
			isa = PBXVariantGroup;
			children = (
				A1E7B7752A6653020036BBC1 /* Base */,
			);
			name = LaunchScreen.storyboard;
			sourceTree = "<group>";
		};
/* End PBXVariantGroup section */

/* Begin XCBuildConfiguration section */
		A1E7B7782A6653020036BBC1 /* Debug */ = {
			isa = XCBuildConfiguration;
			buildSettings = {
				ALWAYS_SEARCH_USER_PATHS = NO;
				CLANG_ANALYZER_NONNULL = YES;
				CLANG_ANALYZER_NUMBER_OBJECT_CONVERSION = YES_AGGRESSIVE;
				CLANG_CXX_LANGUAGE_STANDARD = "gnu++20";
				CLANG_ENABLE_MODULES = YES;
				CLANG_ENABLE_OBJC_ARC = YES;
				CLANG_ENABLE_OBJC_WEAK = YES;
				CLANG_WARN_BLOCK_CAPTURE_AUTORELEASING = YES;
				CLANG_WARN_BOOL_CONVERSION = YES;
				CLANG_WARN_COMMA = YES;
				CLANG_WARN_CONSTANT_CONVERSION = YES;
				CLANG_WARN_DEPRECATED_OBJC_IMPLEMENTATIONS = YES;
				CLANG_WARN_DIRECT_OBJC_ISA_USAGE = YES_ERROR;
				CLANG_WARN_DOCUMENTATION_COMMENTS = YES;
				CLANG_WARN_EMPTY_BODY = YES;
				CLANG_WARN_ENUM_CONVERSION = YES;
				CLANG_WARN_INFINITE_RECURSION = YES;
				CLANG_WARN_INT_CONVERSION = YES;
				CLANG_WARN_NON_LITERAL_NULL_CONVERSION = YES;
				CLANG_WARN_OBJC_IMPLICIT_RETAIN_SELF = YES;
				CLANG_WARN_OBJC_LITERAL_CONVERSION = YES;
				CLANG_WARN_OBJC_ROOT_CLASS = YES_ERROR;
				CLANG_WARN_QUOTED_INCLUDE_IN_FRAMEWORK_HEADER = YES;
				CLANG_WARN_RANGE_LOOP_ANALYSIS = YES;
				CLANG_WARN_STRICT_PROTOTYPES = YES;
				CLANG_WARN_SUSPICIOUS_MOVE = YES;
				CLANG_WARN_UNGUARDED_AVAILABILITY = YES_AGGRESSIVE;
				CLANG_WARN_UNREACHABLE_CODE = YES;
				CLANG_WARN__DUPLICATE_METHOD_MATCH = YES;
				COPY_PHASE_STRIP = NO;
				DEBUG_INFORMATION_FORMAT = dwarf;
				ENABLE_STRICT_OBJC_MSGSEND = YES;
				ENABLE_TESTABILITY = YES;
				GCC_C_LANGUAGE_STANDARD = gnu11;
				GCC_DYNAMIC_NO_PIC = NO;
				GCC_NO_COMMON_BLOCKS = YES;
				GCC_OPTIMIZATION_LEVEL = 0;
				GCC_PREPROCESSOR_DEFINITIONS = (
					"DEBUG=1",
					"$(inherited)",
				);
				GCC_WARN_64_TO_32_BIT_CONVERSION = YES;
				GCC_WARN_ABOUT_RETURN_TYPE = YES_ERROR;
				GCC_WARN_UNDECLARED_SELECTOR = YES;
				GCC_WARN_UNINITIALIZED_AUTOS = YES_AGGRESSIVE;
				GCC_WARN_UNUSED_FUNCTION = YES;
				GCC_WARN_UNUSED_VARIABLE = YES;
				IPHONEOS_DEPLOYMENT_TARGET = 16.4;
				MTL_ENABLE_DEBUG_INFO = INCLUDE_SOURCE;
				MTL_FAST_MATH = YES;
				ONLY_ACTIVE_ARCH = YES;
				SDKROOT = iphoneos;
				SWIFT_ACTIVE_COMPILATION_CONDITIONS = DEBUG;
				SWIFT_OPTIMIZATION_LEVEL = "-Onone";
			};
			name = Debug;
		};
		A1E7B7792A6653020036BBC1 /* Release */ = {
			isa = XCBuildConfiguration;
			buildSettings = {
				ALWAYS_SEARCH_USER_PATHS = NO;
				CLANG_ANALYZER_NONNULL = YES;
				CLANG_ANALYZER_NUMBER_OBJECT_CONVERSION = YES_AGGRESSIVE;
				CLANG_CXX_LANGUAGE_STANDARD = "gnu++20";
				CLANG_ENABLE_MODULES = YES;
				CLANG_ENABLE_OBJC_ARC = YES;
				CLANG_ENABLE_OBJC_WEAK = YES;
				CLANG_WARN_BLOCK_CAPTURE_AUTORELEASING = YES;
				CLANG_WARN_BOOL_CONVERSION = YES;
				CLANG_WARN_COMMA = YES;
				CLANG_WARN_CONSTANT_CONVERSION = YES;
				CLANG_WARN_DEPRECATED_OBJC_IMPLEMENTATIONS = YES;
				CLANG_WARN_DIRECT_OBJC_ISA_USAGE = YES_ERROR;
				CLANG_WARN_DOCUMENTATION_COMMENTS = YES;
				CLANG_WARN_EMPTY_BODY = YES;
				CLANG_WARN_ENUM_CONVERSION = YES;
				CLANG_WARN_INFINITE_RECURSION = YES;
				CLANG_WARN_INT_CONVERSION = YES;
				CLANG_WARN_NON_LITERAL_NULL_CONVERSION = YES;
				CLANG_WARN_OBJC_IMPLICIT_RETAIN_SELF = YES;
				CLANG_WARN_OBJC_LITERAL_CONVERSION = YES;
				CLANG_WARN_OBJC_ROOT_CLASS = YES_ERROR;
				CLANG_WARN_QUOTED_INCLUDE_IN_FRAMEWORK_HEADER = YES;
				CLANG_WARN_RANGE_LOOP_ANALYSIS = YES;
				CLANG_WARN_STRICT_PROTOTYPES = YES;
				CLANG_WARN_SUSPICIOUS_MOVE = YES;
				CLANG_WARN_UNGUARDED_AVAILABILITY = YES_AGGRESSIVE;
				CLANG_WARN_UNREACHABLE_CODE = YES;
				CLANG_WARN__DUPLICATE_METHOD_MATCH = YES;
				COPY_PHASE_STRIP = NO;
				DEBUG_INFORMATION_FORMAT = "dwarf-with-dsym";
				ENABLE_NS_ASSERTIONS = NO;
				ENABLE_STRICT_OBJC_MSGSEND = YES;
				GCC_C_LANGUAGE_STANDARD = gnu11;
				GCC_NO_COMMON_BLOCKS = YES;
				GCC_WARN_64_TO_32_BIT_CONVERSION = YES;
				GCC_WARN_ABOUT_RETURN_TYPE = YES_ERROR;
				GCC_WARN_UNDECLARED_SELECTOR = YES;
				GCC_WARN_UNINITIALIZED_AUTOS = YES_AGGRESSIVE;
				GCC_WARN_UNUSED_FUNCTION = YES;
				GCC_WARN_UNUSED_VARIABLE = YES;
				IPHONEOS_DEPLOYMENT_TARGET = 16.4;
				MTL_ENABLE_DEBUG_INFO = NO;
				MTL_FAST_MATH = YES;
				SDKROOT = iphoneos;
				SWIFT_COMPILATION_MODE = wholemodule;
				SWIFT_OPTIMIZATION_LEVEL = "-O";
				VALIDATE_PRODUCT = YES;
			};
			name = Release;
		};
		A1E7B77B2A6653020036BBC1 /* Debug */ = {
			isa = XCBuildConfiguration;
			buildSettings = {
				ASSETCATALOG_COMPILER_APPICON_NAME = AppIcon;
				ASSETCATALOG_COMPILER_GLOBAL_ACCENT_COLOR_NAME = AccentColor;
				CODE_SIGN_STYLE = Automatic;
				CURRENT_PROJECT_VERSION = 1;
				DEVELOPMENT_TEAM = 3T96536DB8;
				GENERATE_INFOPLIST_FILE = YES;
				INFOPLIST_FILE = multiplePageAndCalculator/Info.plist;
				INFOPLIST_KEY_UIApplicationSupportsIndirectInputEvents = YES;
				INFOPLIST_KEY_UILaunchStoryboardName = LaunchScreen;
				INFOPLIST_KEY_UIMainStoryboardFile = Main;
				INFOPLIST_KEY_UISupportedInterfaceOrientations_iPad = "UIInterfaceOrientationPortrait UIInterfaceOrientationPortraitUpsideDown UIInterfaceOrientationLandscapeLeft UIInterfaceOrientationLandscapeRight";
				INFOPLIST_KEY_UISupportedInterfaceOrientations_iPhone = "UIInterfaceOrientationPortrait UIInterfaceOrientationLandscapeLeft UIInterfaceOrientationLandscapeRight";
				LD_RUNPATH_SEARCH_PATHS = (
					"$(inherited)",
					"@executable_path/Frameworks",
				);
				MARKETING_VERSION = 1.0;
				PRODUCT_BUNDLE_IDENTIFIER = com.kenlin.multiplePageAndCalculator;
				PRODUCT_NAME = "$(TARGET_NAME)";
				SWIFT_EMIT_LOC_STRINGS = YES;
				SWIFT_VERSION = 5.0;
				TARGETED_DEVICE_FAMILY = "1,2";
			};
			name = Debug;
		};
		A1E7B77C2A6653020036BBC1 /* Release */ = {
			isa = XCBuildConfiguration;
			buildSettings = {
				ASSETCATALOG_COMPILER_APPICON_NAME = AppIcon;
				ASSETCATALOG_COMPILER_GLOBAL_ACCENT_COLOR_NAME = AccentColor;
				CODE_SIGN_STYLE = Automatic;
				CURRENT_PROJECT_VERSION = 1;
				DEVELOPMENT_TEAM = 3T96536DB8;
				GENERATE_INFOPLIST_FILE = YES;
				INFOPLIST_FILE = multiplePageAndCalculator/Info.plist;
				INFOPLIST_KEY_UIApplicationSupportsIndirectInputEvents = YES;
				INFOPLIST_KEY_UILaunchStoryboardName = LaunchScreen;
				INFOPLIST_KEY_UIMainStoryboardFile = Main;
				INFOPLIST_KEY_UISupportedInterfaceOrientations_iPad = "UIInterfaceOrientationPortrait UIInterfaceOrientationPortraitUpsideDown UIInterfaceOrientationLandscapeLeft UIInterfaceOrientationLandscapeRight";
				INFOPLIST_KEY_UISupportedInterfaceOrientations_iPhone = "UIInterfaceOrientationPortrait UIInterfaceOrientationLandscapeLeft UIInterfaceOrientationLandscapeRight";
				LD_RUNPATH_SEARCH_PATHS = (
					"$(inherited)",
					"@executable_path/Frameworks",
				);
				MARKETING_VERSION = 1.0;
				PRODUCT_BUNDLE_IDENTIFIER = com.kenlin.multiplePageAndCalculator;
				PRODUCT_NAME = "$(TARGET_NAME)";
				SWIFT_EMIT_LOC_STRINGS = YES;
				SWIFT_VERSION = 5.0;
				TARGETED_DEVICE_FAMILY = "1,2";
			};
			name = Release;
		};
/* End XCBuildConfiguration section */

/* Begin XCConfigurationList section */
		A1E7B7612A6653000036BBC1 /* Build configuration list for PBXProject "multiplePageAndCalculator" */ = {
			isa = XCConfigurationList;
			buildConfigurations = (
				A1E7B7782A6653020036BBC1 /* Debug */,
				A1E7B7792A6653020036BBC1 /* Release */,
			);
			defaultConfigurationIsVisible = 0;
			defaultConfigurationName = Release;
		};
		A1E7B77A2A6653020036BBC1 /* Build configuration list for PBXNativeTarget "multiplePageAndCalculator" */ = {
			isa = XCConfigurationList;
			buildConfigurations = (
				A1E7B77B2A6653020036BBC1 /* Debug */,
				A1E7B77C2A6653020036BBC1 /* Release */,
			);
			defaultConfigurationIsVisible = 0;
			defaultConfigurationName = Release;
		};
/* End XCConfigurationList section */
	};
	rootObject = A1E7B75E2A6653000036BBC1 /* Project object */;
}
